// !$*UTF8*$!
{
	archiveVersion = 1;
	classes = {
	};
	objectVersion = 51;
	objects = {

/* Begin PBXBuildFile section */
		9955833B781118F898ACECA3 /* Pods_Yelp_Locator.framework in Frameworks */ = {isa = PBXBuildFile; fileRef = 6FF0410C4CA2C3C2BF83C09E /* Pods_Yelp_Locator.framework */; };
		F049C7FE261E04DD00FD58B1 /* Yelp_LocatorApp.swift in Sources */ = {isa = PBXBuildFile; fileRef = F049C7FD261E04DD00FD58B1 /* Yelp_LocatorApp.swift */; };
		F049C800261E04DD00FD58B1 /* ContentView.swift in Sources */ = {isa = PBXBuildFile; fileRef = F049C7FF261E04DD00FD58B1 /* ContentView.swift */; };
		F049C802261E04DE00FD58B1 /* Assets.xcassets in Resources */ = {isa = PBXBuildFile; fileRef = F049C801261E04DE00FD58B1 /* Assets.xcassets */; };
		F049C805261E04DE00FD58B1 /* Preview Assets.xcassets in Resources */ = {isa = PBXBuildFile; fileRef = F049C804261E04DE00FD58B1 /* Preview Assets.xcassets */; };
		F049C812261E05F200FD58B1 /* Business.swift in Sources */ = {isa = PBXBuildFile; fileRef = F049C811261E05F200FD58B1 /* Business.swift */; };
		F049C816261E060600FD58B1 /* BusinessRequest.swift in Sources */ = {isa = PBXBuildFile; fileRef = F049C815261E060600FD58B1 /* BusinessRequest.swift */; };
		F049C819261E062200FD58B1 /* BusinessRouter.swift in Sources */ = {isa = PBXBuildFile; fileRef = F049C818261E062200FD58B1 /* BusinessRouter.swift */; };
		F049C86D261E0D7800FD58B1 /* BusinessRequestOptions.swift in Sources */ = {isa = PBXBuildFile; fileRef = F049C86C261E0D7800FD58B1 /* BusinessRequestOptions.swift */; };
		F049C871261E0E1000FD58B1 /* RequestParameter.swift in Sources */ = {isa = PBXBuildFile; fileRef = F049C870261E0E1000FD58B1 /* RequestParameter.swift */; };
		F0E11443261EDE4E00DD369C /* BusinessListCell.swift in Sources */ = {isa = PBXBuildFile; fileRef = F0E11441261EDE4E00DD369C /* BusinessListCell.swift */; };
		F0E11444261EDE4E00DD369C /* BusinessListCell.xib in Resources */ = {isa = PBXBuildFile; fileRef = F0E11442261EDE4E00DD369C /* BusinessListCell.xib */; };
		F0E11448261EDE5E00DD369C /* BusinessListCellViewModel.swift in Sources */ = {isa = PBXBuildFile; fileRef = F0E11447261EDE5E00DD369C /* BusinessListCellViewModel.swift */; };
/* End PBXBuildFile section */

/* Begin PBXFileReference section */
		30BAA79BACC808E54BEA2DED /* Pods-Yelp Locator.release.xcconfig */ = {isa = PBXFileReference; includeInIndex = 1; lastKnownFileType = text.xcconfig; name = "Pods-Yelp Locator.release.xcconfig"; path = "Target Support Files/Pods-Yelp Locator/Pods-Yelp Locator.release.xcconfig"; sourceTree = "<group>"; };
		6FF0410C4CA2C3C2BF83C09E /* Pods_Yelp_Locator.framework */ = {isa = PBXFileReference; explicitFileType = wrapper.framework; includeInIndex = 0; path = Pods_Yelp_Locator.framework; sourceTree = BUILT_PRODUCTS_DIR; };
		C57B5F454CE2D73C204F7F35 /* Pods-Yelp Locator.debug.xcconfig */ = {isa = PBXFileReference; includeInIndex = 1; lastKnownFileType = text.xcconfig; name = "Pods-Yelp Locator.debug.xcconfig"; path = "Target Support Files/Pods-Yelp Locator/Pods-Yelp Locator.debug.xcconfig"; sourceTree = "<group>"; };
		F049C7FA261E04DD00FD58B1 /* Yelp Locator.app */ = {isa = PBXFileReference; explicitFileType = wrapper.application; includeInIndex = 0; path = "Yelp Locator.app"; sourceTree = BUILT_PRODUCTS_DIR; };
		F049C7FD261E04DD00FD58B1 /* Yelp_LocatorApp.swift */ = {isa = PBXFileReference; lastKnownFileType = sourcecode.swift; path = Yelp_LocatorApp.swift; sourceTree = "<group>"; };
		F049C7FF261E04DD00FD58B1 /* ContentView.swift */ = {isa = PBXFileReference; lastKnownFileType = sourcecode.swift; path = ContentView.swift; sourceTree = "<group>"; };
		F049C801261E04DE00FD58B1 /* Assets.xcassets */ = {isa = PBXFileReference; lastKnownFileType = folder.assetcatalog; path = Assets.xcassets; sourceTree = "<group>"; };
		F049C804261E04DE00FD58B1 /* Preview Assets.xcassets */ = {isa = PBXFileReference; lastKnownFileType = folder.assetcatalog; path = "Preview Assets.xcassets"; sourceTree = "<group>"; };
		F049C806261E04DE00FD58B1 /* Info.plist */ = {isa = PBXFileReference; lastKnownFileType = text.plist.xml; path = Info.plist; sourceTree = "<group>"; };
		F049C811261E05F200FD58B1 /* Business.swift */ = {isa = PBXFileReference; lastKnownFileType = sourcecode.swift; path = Business.swift; sourceTree = "<group>"; };
		F049C815261E060600FD58B1 /* BusinessRequest.swift */ = {isa = PBXFileReference; lastKnownFileType = sourcecode.swift; path = BusinessRequest.swift; sourceTree = "<group>"; };
		F049C818261E062200FD58B1 /* BusinessRouter.swift */ = {isa = PBXFileReference; lastKnownFileType = sourcecode.swift; path = BusinessRouter.swift; sourceTree = "<group>"; };
		F049C86C261E0D7800FD58B1 /* BusinessRequestOptions.swift */ = {isa = PBXFileReference; lastKnownFileType = sourcecode.swift; path = BusinessRequestOptions.swift; sourceTree = "<group>"; };
		F049C870261E0E1000FD58B1 /* RequestParameter.swift */ = {isa = PBXFileReference; lastKnownFileType = sourcecode.swift; path = RequestParameter.swift; sourceTree = "<group>"; };
		F0E11441261EDE4E00DD369C /* BusinessListCell.swift */ = {isa = PBXFileReference; lastKnownFileType = sourcecode.swift; path = BusinessListCell.swift; sourceTree = "<group>"; };
		F0E11442261EDE4E00DD369C /* BusinessListCell.xib */ = {isa = PBXFileReference; lastKnownFileType = file.xib; path = BusinessListCell.xib; sourceTree = "<group>"; };
		F0E11447261EDE5E00DD369C /* BusinessListCellViewModel.swift */ = {isa = PBXFileReference; lastKnownFileType = sourcecode.swift; path = BusinessListCellViewModel.swift; sourceTree = "<group>"; };
/* End PBXFileReference section */

/* Begin PBXFrameworksBuildPhase section */
		F049C7F7261E04DD00FD58B1 /* Frameworks */ = {
			isa = PBXFrameworksBuildPhase;
			buildActionMask = 2147483647;
			files = (
				9955833B781118F898ACECA3 /* Pods_Yelp_Locator.framework in Frameworks */,
			);
			runOnlyForDeploymentPostprocessing = 0;
		};
/* End PBXFrameworksBuildPhase section */

/* Begin PBXGroup section */
		9DBF137D065A2D2152B56C2E /* Frameworks */ = {
			isa = PBXGroup;
			children = (
				6FF0410C4CA2C3C2BF83C09E /* Pods_Yelp_Locator.framework */,
			);
			name = Frameworks;
			sourceTree = "<group>";
		};
		9E097EACFFC3025564A6AE96 /* Pods */ = {
			isa = PBXGroup;
			children = (
				C57B5F454CE2D73C204F7F35 /* Pods-Yelp Locator.debug.xcconfig */,
				30BAA79BACC808E54BEA2DED /* Pods-Yelp Locator.release.xcconfig */,
			);
			path = Pods;
			sourceTree = "<group>";
		};
		F049C7F1261E04DD00FD58B1 = {
			isa = PBXGroup;
			children = (
				F049C7FC261E04DD00FD58B1 /* Yelp Locator */,
				F049C7FB261E04DD00FD58B1 /* Products */,
				9E097EACFFC3025564A6AE96 /* Pods */,
				9DBF137D065A2D2152B56C2E /* Frameworks */,
			);
			sourceTree = "<group>";
		};
		F049C7FB261E04DD00FD58B1 /* Products */ = {
			isa = PBXGroup;
			children = (
				F049C7FA261E04DD00FD58B1 /* Yelp Locator.app */,
			);
			name = Products;
			sourceTree = "<group>";
		};
		F049C7FC261E04DD00FD58B1 /* Yelp Locator */ = {
			isa = PBXGroup;
			children = (
				F049C810261E05D400FD58B1 /* Networking */,
				F049C80E261E056100FD58B1 /* Views */,
				F049C7FD261E04DD00FD58B1 /* Yelp_LocatorApp.swift */,
				F049C7FF261E04DD00FD58B1 /* ContentView.swift */,
				F049C801261E04DE00FD58B1 /* Assets.xcassets */,
				F049C806261E04DE00FD58B1 /* Info.plist */,
				F049C803261E04DE00FD58B1 /* Preview Content */,
			);
			path = "Yelp Locator";
			sourceTree = "<group>";
		};
		F049C803261E04DE00FD58B1 /* Preview Content */ = {
			isa = PBXGroup;
			children = (
				F049C804261E04DE00FD58B1 /* Preview Assets.xcassets */,
			);
			path = "Preview Content";
			sourceTree = "<group>";
		};
		F049C80E261E056100FD58B1 /* Views */ = {
			isa = PBXGroup;
			children = (
				F049C80F261E056B00FD58B1 /* Cells */,
			);
			path = Views;
			sourceTree = "<group>";
		};
		F049C80F261E056B00FD58B1 /* Cells */ = {
			isa = PBXGroup;
			children = (
				F0E11440261EDE2600DD369C /* Business List */,
			);
			path = Cells;
			sourceTree = "<group>";
		};
		F049C810261E05D400FD58B1 /* Networking */ = {
			isa = PBXGroup;
			children = (
				F049C811261E05F200FD58B1 /* Business.swift */,
				F049C815261E060600FD58B1 /* BusinessRequest.swift */,
				F049C818261E062200FD58B1 /* BusinessRouter.swift */,
				F049C86C261E0D7800FD58B1 /* BusinessRequestOptions.swift */,
				F049C870261E0E1000FD58B1 /* RequestParameter.swift */,
			);
			path = Networking;
			sourceTree = "<group>";
		};
		F0E11440261EDE2600DD369C /* Business List */ = {
			isa = PBXGroup;
			children = (
				F0E11441261EDE4E00DD369C /* BusinessListCell.swift */,
				F0E11447261EDE5E00DD369C /* BusinessListCellViewModel.swift */,
				F0E11442261EDE4E00DD369C /* BusinessListCell.xib */,
			);
			path = "Business List";
			sourceTree = "<group>";
		};
/* End PBXGroup section */

/* Begin PBXNativeTarget section */
		F049C7F9261E04DD00FD58B1 /* Yelp Locator */ = {
			isa = PBXNativeTarget;
			buildConfigurationList = F049C809261E04DE00FD58B1 /* Build configuration list for PBXNativeTarget "Yelp Locator" */;
			buildPhases = (
				3EB038E3C5858FA130939178 /* [CP] Check Pods Manifest.lock */,
				F049C7F6261E04DD00FD58B1 /* Sources */,
				F049C7F7261E04DD00FD58B1 /* Frameworks */,
				F049C7F8261E04DD00FD58B1 /* Resources */,
				F86C2F0957CC2377F0DB35B3 /* [CP] Embed Pods Frameworks */,
			);
			buildRules = (
			);
			dependencies = (
			);
			name = "Yelp Locator";
			productName = "Yelp Locator";
			productReference = F049C7FA261E04DD00FD58B1 /* Yelp Locator.app */;
			productType = "com.apple.product-type.application";
		};
/* End PBXNativeTarget section */

/* Begin PBXProject section */
		F049C7F2261E04DD00FD58B1 /* Project object */ = {
			isa = PBXProject;
			attributes = {
				LastSwiftUpdateCheck = 1230;
				LastUpgradeCheck = 1230;
				TargetAttributes = {
					F049C7F9261E04DD00FD58B1 = {
						CreatedOnToolsVersion = 12.3;
					};
				};
			};
			buildConfigurationList = F049C7F5261E04DD00FD58B1 /* Build configuration list for PBXProject "Yelp Locator" */;
			compatibilityVersion = "Xcode 9.3";
			developmentRegion = en;
			hasScannedForEncodings = 0;
			knownRegions = (
				en,
				Base,
			);
			mainGroup = F049C7F1261E04DD00FD58B1;
			productRefGroup = F049C7FB261E04DD00FD58B1 /* Products */;
			projectDirPath = "";
			projectRoot = "";
			targets = (
				F049C7F9261E04DD00FD58B1 /* Yelp Locator */,
			);
		};
/* End PBXProject section */

/* Begin PBXResourcesBuildPhase section */
		F049C7F8261E04DD00FD58B1 /* Resources */ = {
			isa = PBXResourcesBuildPhase;
			buildActionMask = 2147483647;
			files = (
				F0E11444261EDE4E00DD369C /* BusinessListCell.xib in Resources */,
				F049C805261E04DE00FD58B1 /* Preview Assets.xcassets in Resources */,
				F049C802261E04DE00FD58B1 /* Assets.xcassets in Resources */,
			);
			runOnlyForDeploymentPostprocessing = 0;
		};
/* End PBXResourcesBuildPhase section */

/* Begin PBXShellScriptBuildPhase section */
		3EB038E3C5858FA130939178 /* [CP] Check Pods Manifest.lock */ = {
			isa = PBXShellScriptBuildPhase;
			buildActionMask = 2147483647;
			files = (
			);
			inputFileListPaths = (
			);
			inputPaths = (
				"${PODS_PODFILE_DIR_PATH}/Podfile.lock",
				"${PODS_ROOT}/Manifest.lock",
			);
			name = "[CP] Check Pods Manifest.lock";
			outputFileListPaths = (
			);
			outputPaths = (
				"$(DERIVED_FILE_DIR)/Pods-Yelp Locator-checkManifestLockResult.txt",
			);
			runOnlyForDeploymentPostprocessing = 0;
			shellPath = /bin/sh;
			shellScript = "diff \"${PODS_PODFILE_DIR_PATH}/Podfile.lock\" \"${PODS_ROOT}/Manifest.lock\" > /dev/null\nif [ $? != 0 ] ; then\n    # print error to STDERR\n    echo \"error: The sandbox is not in sync with the Podfile.lock. Run 'pod install' or update your CocoaPods installation.\" >&2\n    exit 1\nfi\n# This output is used by Xcode 'outputs' to avoid re-running this script phase.\necho \"SUCCESS\" > \"${SCRIPT_OUTPUT_FILE_0}\"\n";
			showEnvVarsInLog = 0;
		};
		F86C2F0957CC2377F0DB35B3 /* [CP] Embed Pods Frameworks */ = {
			isa = PBXShellScriptBuildPhase;
			buildActionMask = 2147483647;
			files = (
			);
			inputFileListPaths = (
				"${PODS_ROOT}/Target Support Files/Pods-Yelp Locator/Pods-Yelp Locator-frameworks-${CONFIGURATION}-input-files.xcfilelist",
			);
			name = "[CP] Embed Pods Frameworks";
			outputFileListPaths = (
				"${PODS_ROOT}/Target Support Files/Pods-Yelp Locator/Pods-Yelp Locator-frameworks-${CONFIGURATION}-output-files.xcfilelist",
			);
			runOnlyForDeploymentPostprocessing = 0;
			shellPath = /bin/sh;
			shellScript = "\"${PODS_ROOT}/Target Support Files/Pods-Yelp Locator/Pods-Yelp Locator-frameworks.sh\"\n";
			showEnvVarsInLog = 0;
		};
/* End PBXShellScriptBuildPhase section */

/* Begin PBXSourcesBuildPhase section */
		F049C7F6261E04DD00FD58B1 /* Sources */ = {
			isa = PBXSourcesBuildPhase;
			buildActionMask = 2147483647;
			files = (
				F049C812261E05F200FD58B1 /* Business.swift in Sources */,
				F0E11443261EDE4E00DD369C /* BusinessListCell.swift in Sources */,
				F049C816261E060600FD58B1 /* BusinessRequest.swift in Sources */,
				F049C86D261E0D7800FD58B1 /* BusinessRequestOptions.swift in Sources */,
				F0E11448261EDE5E00DD369C /* BusinessListCellViewModel.swift in Sources */,
				F049C800261E04DD00FD58B1 /* ContentView.swift in Sources */,
				F049C7FE261E04DD00FD58B1 /* Yelp_LocatorApp.swift in Sources */,
				F049C871261E0E1000FD58B1 /* RequestParameter.swift in Sources */,
				F049C819261E062200FD58B1 /* BusinessRouter.swift in Sources */,
			);
			runOnlyForDeploymentPostprocessing = 0;
		};
/* End PBXSourcesBuildPhase section */

/* Begin XCBuildConfiguration section */
		F049C807261E04DE00FD58B1 /* Debug */ = {
			isa = XCBuildConfiguration;
			buildSettings = {
				ALWAYS_SEARCH_USER_PATHS = NO;
				CLANG_ANALYZER_NONNULL = YES;
				CLANG_ANALYZER_NUMBER_OBJECT_CONVERSION = YES_AGGRESSIVE;
				CLANG_CXX_LANGUAGE_STANDARD = "gnu++14";
				CLANG_CXX_LIBRARY = "libc++";
				CLANG_ENABLE_MODULES = YES;
				CLANG_ENABLE_OBJC_ARC = YES;
				CLANG_ENABLE_OBJC_WEAK = YES;
				CLANG_WARN_BLOCK_CAPTURE_AUTORELEASING = YES;
				CLANG_WARN_BOOL_CONVERSION = YES;
				CLANG_WARN_COMMA = YES;
				CLANG_WARN_CONSTANT_CONVERSION = YES;
				CLANG_WARN_DEPRECATED_OBJC_IMPLEMENTATIONS = YES;
				CLANG_WARN_DIRECT_OBJC_ISA_USAGE = YES_ERROR;
				CLANG_WARN_DOCUMENTATION_COMMENTS = YES;
				CLANG_WARN_EMPTY_BODY = YES;
				CLANG_WARN_ENUM_CONVERSION = YES;
				CLANG_WARN_INFINITE_RECURSION = YES;
				CLANG_WARN_INT_CONVERSION = YES;
				CLANG_WARN_NON_LITERAL_NULL_CONVERSION = YES;
				CLANG_WARN_OBJC_IMPLICIT_RETAIN_SELF = YES;
				CLANG_WARN_OBJC_LITERAL_CONVERSION = YES;
				CLANG_WARN_OBJC_ROOT_CLASS = YES_ERROR;
				CLANG_WARN_QUOTED_INCLUDE_IN_FRAMEWORK_HEADER = YES;
				CLANG_WARN_RANGE_LOOP_ANALYSIS = YES;
				CLANG_WARN_STRICT_PROTOTYPES = YES;
				CLANG_WARN_SUSPICIOUS_MOVE = YES;
				CLANG_WARN_UNGUARDED_AVAILABILITY = YES_AGGRESSIVE;
				CLANG_WARN_UNREACHABLE_CODE = YES;
				CLANG_WARN__DUPLICATE_METHOD_MATCH = YES;
				COPY_PHASE_STRIP = NO;
				DEBUG_INFORMATION_FORMAT = dwarf;
				ENABLE_STRICT_OBJC_MSGSEND = YES;
				ENABLE_TESTABILITY = YES;
				GCC_C_LANGUAGE_STANDARD = gnu11;
				GCC_DYNAMIC_NO_PIC = NO;
				GCC_NO_COMMON_BLOCKS = YES;
				GCC_OPTIMIZATION_LEVEL = 0;
				GCC_PREPROCESSOR_DEFINITIONS = (
					"DEBUG=1",
					"$(inherited)",
				);
				GCC_WARN_64_TO_32_BIT_CONVERSION = YES;
				GCC_WARN_ABOUT_RETURN_TYPE = YES_ERROR;
				GCC_WARN_UNDECLARED_SELECTOR = YES;
				GCC_WARN_UNINITIALIZED_AUTOS = YES_AGGRESSIVE;
				GCC_WARN_UNUSED_FUNCTION = YES;
				GCC_WARN_UNUSED_VARIABLE = YES;
				IPHONEOS_DEPLOYMENT_TARGET = 14.3;
				MTL_ENABLE_DEBUG_INFO = INCLUDE_SOURCE;
				MTL_FAST_MATH = YES;
				ONLY_ACTIVE_ARCH = YES;
				SDKROOT = iphoneos;
				SWIFT_ACTIVE_COMPILATION_CONDITIONS = DEBUG;
				SWIFT_OPTIMIZATION_LEVEL = "-Onone";
			};
			name = Debug;
		};
		F049C808261E04DE00FD58B1 /* Release */ = {
			isa = XCBuildConfiguration;
			buildSettings = {
				ALWAYS_SEARCH_USER_PATHS = NO;
				CLANG_ANALYZER_NONNULL = YES;
				CLANG_ANALYZER_NUMBER_OBJECT_CONVERSION = YES_AGGRESSIVE;
				CLANG_CXX_LANGUAGE_STANDARD = "gnu++14";
				CLANG_CXX_LIBRARY = "libc++";
				CLANG_ENABLE_MODULES = YES;
				CLANG_ENABLE_OBJC_ARC = YES;
				CLANG_ENABLE_OBJC_WEAK = YES;
				CLANG_WARN_BLOCK_CAPTURE_AUTORELEASING = YES;
				CLANG_WARN_BOOL_CONVERSION = YES;
				CLANG_WARN_COMMA = YES;
				CLANG_WARN_CONSTANT_CONVERSION = YES;
				CLANG_WARN_DEPRECATED_OBJC_IMPLEMENTATIONS = YES;
				CLANG_WARN_DIRECT_OBJC_ISA_USAGE = YES_ERROR;
				CLANG_WARN_DOCUMENTATION_COMMENTS = YES;
				CLANG_WARN_EMPTY_BODY = YES;
				CLANG_WARN_ENUM_CONVERSION = YES;
				CLANG_WARN_INFINITE_RECURSION = YES;
				CLANG_WARN_INT_CONVERSION = YES;
				CLANG_WARN_NON_LITERAL_NULL_CONVERSION = YES;
				CLANG_WARN_OBJC_IMPLICIT_RETAIN_SELF = YES;
				CLANG_WARN_OBJC_LITERAL_CONVERSION = YES;
				CLANG_WARN_OBJC_ROOT_CLASS = YES_ERROR;
				CLANG_WARN_QUOTED_INCLUDE_IN_FRAMEWORK_HEADER = YES;
				CLANG_WARN_RANGE_LOOP_ANALYSIS = YES;
				CLANG_WARN_STRICT_PROTOTYPES = YES;
				CLANG_WARN_SUSPICIOUS_MOVE = YES;
				CLANG_WARN_UNGUARDED_AVAILABILITY = YES_AGGRESSIVE;
				CLANG_WARN_UNREACHABLE_CODE = YES;
				CLANG_WARN__DUPLICATE_METHOD_MATCH = YES;
				COPY_PHASE_STRIP = NO;
				DEBUG_INFORMATION_FORMAT = "dwarf-with-dsym";
				ENABLE_NS_ASSERTIONS = NO;
				ENABLE_STRICT_OBJC_MSGSEND = YES;
				GCC_C_LANGUAGE_STANDARD = gnu11;
				GCC_NO_COMMON_BLOCKS = YES;
				GCC_WARN_64_TO_32_BIT_CONVERSION = YES;
				GCC_WARN_ABOUT_RETURN_TYPE = YES_ERROR;
				GCC_WARN_UNDECLARED_SELECTOR = YES;
				GCC_WARN_UNINITIALIZED_AUTOS = YES_AGGRESSIVE;
				GCC_WARN_UNUSED_FUNCTION = YES;
				GCC_WARN_UNUSED_VARIABLE = YES;
				IPHONEOS_DEPLOYMENT_TARGET = 14.3;
				MTL_ENABLE_DEBUG_INFO = NO;
				MTL_FAST_MATH = YES;
				SDKROOT = iphoneos;
				SWIFT_COMPILATION_MODE = wholemodule;
				SWIFT_OPTIMIZATION_LEVEL = "-O";
				VALIDATE_PRODUCT = YES;
			};
			name = Release;
		};
		F049C80A261E04DE00FD58B1 /* Debug */ = {
			isa = XCBuildConfiguration;
			baseConfigurationReference = C57B5F454CE2D73C204F7F35 /* Pods-Yelp Locator.debug.xcconfig */;
			buildSettings = {
				ASSETCATALOG_COMPILER_APPICON_NAME = AppIcon;
				ASSETCATALOG_COMPILER_GLOBAL_ACCENT_COLOR_NAME = AccentColor;
				CODE_SIGN_STYLE = Automatic;
				DEVELOPMENT_ASSET_PATHS = "\"Yelp Locator/Preview Content\"";
				ENABLE_PREVIEWS = YES;
				INFOPLIST_FILE = "Yelp Locator/Info.plist";
				IPHONEOS_DEPLOYMENT_TARGET = 14.0;
				LD_RUNPATH_SEARCH_PATHS = (
					"$(inherited)",
					"@executable_path/Frameworks",
				);
				PRODUCT_BUNDLE_IDENTIFIER = "com.quantrics.Yelp-Locator";
				PRODUCT_NAME = "$(TARGET_NAME)";
				SWIFT_VERSION = 5.0;
				TARGETED_DEVICE_FAMILY = "1,2";
			};
			name = Debug;
		};
		F049C80B261E04DE00FD58B1 /* Release */ = {
			isa = XCBuildConfiguration;
			baseConfigurationReference = 30BAA79BACC808E54BEA2DED /* Pods-Yelp Locator.release.xcconfig */;
			buildSettings = {
				ASSETCATALOG_COMPILER_APPICON_NAME = AppIcon;
				ASSETCATALOG_COMPILER_GLOBAL_ACCENT_COLOR_NAME = AccentColor;
				CODE_SIGN_STYLE = Automatic;
				DEVELOPMENT_ASSET_PATHS = "\"Yelp Locator/Preview Content\"";
				ENABLE_PREVIEWS = YES;
				INFOPLIST_FILE = "Yelp Locator/Info.plist";
				IPHONEOS_DEPLOYMENT_TARGET = 14.0;
				LD_RUNPATH_SEARCH_PATHS = (
					"$(inherited)",
					"@executable_path/Frameworks",
				);
				PRODUCT_BUNDLE_IDENTIFIER = "com.quantrics.Yelp-Locator";
				PRODUCT_NAME = "$(TARGET_NAME)";
				SWIFT_VERSION = 5.0;
				TARGETED_DEVICE_FAMILY = "1,2";
			};
			name = Release;
		};
/* End XCBuildConfiguration section */

/* Begin XCConfigurationList section */
		F049C7F5261E04DD00FD58B1 /* Build configuration list for PBXProject "Yelp Locator" */ = {
			isa = XCConfigurationList;
			buildConfigurations = (
				F049C807261E04DE00FD58B1 /* Debug */,
				F049C808261E04DE00FD58B1 /* Release */,
			);
			defaultConfigurationIsVisible = 0;
			defaultConfigurationName = Release;
		};
		F049C809261E04DE00FD58B1 /* Build configuration list for PBXNativeTarget "Yelp Locator" */ = {
			isa = XCConfigurationList;
			buildConfigurations = (
				F049C80A261E04DE00FD58B1 /* Debug */,
				F049C80B261E04DE00FD58B1 /* Release */,
			);
			defaultConfigurationIsVisible = 0;
			defaultConfigurationName = Release;
		};
/* End XCConfigurationList section */
	};
	rootObject = F049C7F2261E04DD00FD58B1 /* Project object */;
}
